
Microsoft Visual Studio Solution File, Format Version 12.00
Project("{FAE04EC0-301F-11D3-BF4B-00C04F79EFBC}") = "ArcheRageMockCombatLog", "ArcheRageMockCombatLog.csproj", "{12C14AC3-DEA7-4EF8-B583-432D3C94BD68}"
EndProject
Global
	GlobalSection(SolutionConfigurationPlatforms) = preSolution
		Debug|Any CPU = Debug|Any CPU
		Release|Any CPU = Release|Any CPU
	EndGlobalSection
	GlobalSection(ProjectConfigurationPlatforms) = postSolution
		{12C14AC3-DEA7-4EF8-B583-432D3C94BD68}.Debug|Any CPU.ActiveCfg = Debug|Any CPU
		{12C14AC3-DEA7-4EF8-B583-432D3C94BD68}.Debug|Any CPU.Build.0 = Debug|Any CPU
		{12C14AC3-DEA7-4EF8-B583-432D3C94BD68}.Release|Any CPU.ActiveCfg = Release|Any CPU
		{12C14AC3-DEA7-4EF8-B583-432D3C94BD68}.Release|Any CPU.Build.0 = Release|Any CPU
	EndGlobalSection
EndGlobal
